// !$*UTF8*$!
{
	archiveVersion = 1;
	classes = {
	};
	objectVersion = 46;
	objects = {
/* Begin PBXBuildFile section */
		0207DA581B56EA530066E2B4 /* Images.xcassets in Resources */ = {isa = PBXBuildFile; fileRef = 0207DA571B56EA530066E2B4 /* Images.xcassets */; };
		1D3623260D0F684500981E51 /* AppDelegate.m in Sources */ = {isa = PBXBuildFile; fileRef = 1D3623250D0F684500981E51 /* AppDelegate.m */; };
		1D60589B0D05DD56006BFB54 /* main.m in Sources */ = {isa = PBXBuildFile; fileRef = 29B97316FDCFA39411CA2CEA /* main.m */; };
		301BF552109A68D80062928A /* libCordova.a in Frameworks */ = {isa = PBXBuildFile; fileRef = 301BF535109A57CC0062928A /* libCordova.a */; };
		302D95F114D2391D003F00A1 /* MainViewController.m in Sources */ = {isa = PBXBuildFile; fileRef = 302D95EF14D2391D003F00A1 /* MainViewController.m */; };
		302D95F214D2391D003F00A1 /* MainViewController.xib in Resources */ = {isa = PBXBuildFile; fileRef = 302D95F014D2391D003F00A1 /* MainViewController.xib */; };
		3047A5121AB8059700498E2A /* build-debug.xcconfig in Resources */ = {isa = PBXBuildFile; fileRef = 3047A50F1AB8059700498E2A /* build-debug.xcconfig */; };
		3047A5131AB8059700498E2A /* build-release.xcconfig in Resources */ = {isa = PBXBuildFile; fileRef = 3047A5101AB8059700498E2A /* build-release.xcconfig */; };
		3047A5141AB8059700498E2A /* build.xcconfig in Resources */ = {isa = PBXBuildFile; fileRef = 3047A5111AB8059700498E2A /* build.xcconfig */; };
		6AFF5BF91D6E424B00AB3073 /* CDVLaunchScreen.storyboard in Resources */ = {isa = PBXBuildFile; fileRef = 6AFF5BF81D6E424B00AB3073 /* CDVLaunchScreen.storyboard */; };
		3E8393C011CE438DB5BACA75 /* CDVBattery.m in Sources */ = {isa = PBXBuildFile; fileRef = C12EBB89704442AC8941B10F /* CDVBattery.m */; };
		77A23B6C4856404AB4E0615A /* UIImage+CropScaleOrientation.m in Sources */ = {isa = PBXBuildFile; fileRef = D8F340222606444A8EE8B4E5 /* UIImage+CropScaleOrientation.m */; };
		C199784E39C447CEA0370F26 /* CDVCamera.m in Sources */ = {isa = PBXBuildFile; fileRef = DDDF462550AF44C48CCFD230 /* CDVCamera.m */; };
		8DB03B15ADD14DBBAA8CC27E /* CDVJpegHeaderWriter.m in Sources */ = {isa = PBXBuildFile; fileRef = 8CE1A13ADCA94A6C938F7B6E /* CDVJpegHeaderWriter.m */; };
		1F95845ED1174A7E955C4A87 /* ImageIO.framework in Frameworks */ = {isa = PBXBuildFile; fileRef = AA11C4DB63B3468D84EB21C6 /* ImageIO.framework */; settings = {ATTRIBUTES = (Weak, ); }; };
		7722054C5F6349E2A84ABD8E /* CoreLocation.framework in Frameworks */ = {isa = PBXBuildFile; fileRef = 6192638A43BE417C9D2ED68C /* CoreLocation.framework */; };
		F7F658ADDE8F44359EF57F94 /* AVFoundation.framework in Frameworks */ = {isa = PBXBuildFile; fileRef = 3E6835FA25184C3FA5537345 /* AVFoundation.framework */; };
		8F437895AFDC4FB494745D35 /* CDVFile.m in Sources */ = {isa = PBXBuildFile; fileRef = D4835460629D40AE99D107AA /* CDVFile.m */; };
		C9B559789CCD4D7982815943 /* CDVLocalFilesystem.m in Sources */ = {isa = PBXBuildFile; fileRef = 784592BDD8604319B3F7231C /* CDVLocalFilesystem.m */; };
		7D48C651D26243BE82D6CFA5 /* CDVAssetLibraryFilesystem.m in Sources */ = {isa = PBXBuildFile; fileRef = E9BA5A5329BC4C498B504C2D /* CDVAssetLibraryFilesystem.m */; };
		910C2C3F6F6E4083A5FCA5F5 /* CDVCapture.m in Sources */ = {isa = PBXBuildFile; fileRef = 8F66A24E30C7404EB403C46E /* CDVCapture.m */; };
		A7B5EA4B3F51431E962CD95C /* CDVCapture.bundle in Resources */ = {isa = PBXBuildFile; fileRef = 6821C049A2294FEE948A3B26 /* CDVCapture.bundle */; };
		780328203F0F445E9B39AFAD /* CDVLogger.m in Sources */ = {isa = PBXBuildFile; fileRef = 1039393F551D47399A569FA0 /* CDVLogger.m */; };
		BF14ED1285E5466C847A6CC2 /* CDVContacts.m in Sources */ = {isa = PBXBuildFile; fileRef = 2C86C285B3714D52A915E638 /* CDVContacts.m */; };
		637F4AB27D1846E6A620D3A0 /* CDVContact.m in Sources */ = {isa = PBXBuildFile; fileRef = 3CEB2BF8B7B4409D8C3C67D2 /* CDVContact.m */; };
		ACE78C42D8F94588B0BA474A /* AddressBook.framework in Frameworks */ = {isa = PBXBuildFile; fileRef = 3F8109EBE7EB45749C8E7E36 /* AddressBook.framework */; settings = {ATTRIBUTES = (Weak, ); }; };
		886849C9E51D4D6E98F3A119 /* AddressBookUI.framework in Frameworks */ = {isa = PBXBuildFile; fileRef = 49FD5C9ED13347309F3A3665 /* AddressBookUI.framework */; settings = {ATTRIBUTES = (Weak, ); }; };
		DD01F2237963413C95575DA3 /* CDVDevice.m in Sources */ = {isa = PBXBuildFile; fileRef = 6600D4B766C1419E8547DE02 /* CDVDevice.m */; };
		F37BCF6EA1C94C598652F04F /* libz.tbd in Frameworks */ = {isa = PBXBuildFile; fileRef = 48689A82590C41239D0FF2F4 /* libz.tbd */; };
		97ADADA683CF4710A9BA63F8 /* CDVAccelerometer.m in Sources */ = {isa = PBXBuildFile; fileRef = A03F70DF9A984DE1B2BE50D7 /* CDVAccelerometer.m */; };
		C1015634454140BF86C7ADE5 /* CoreMotion.framework in Frameworks */ = {isa = PBXBuildFile; fileRef = 23F3E5D3048B4342B8BE7324 /* CoreMotion.framework */; };
		15CA8E20DC3344349975E599 /* CDVCompass.m in Sources */ = {isa = PBXBuildFile; fileRef = 7E317B0AD6BB4CFE98454A5D /* CDVCompass.m */; };
		53AD0E106DB04160B993E55F /* CDVNotification.m in Sources */ = {isa = PBXBuildFile; fileRef = 3D54B8415CE1419E8FD04895 /* CDVNotification.m */; };
		B8F017E3B5B14299AB8F7AB3 /* CDVNotification.bundle in Resources */ = {isa = PBXBuildFile; fileRef = ECB9E5654AE44F11B5ACAE31 /* CDVNotification.bundle */; };
		B68E3E6871F24F0DBAC17BCC /* AudioToolbox.framework in Frameworks */ = {isa = PBXBuildFile; fileRef = 20642EE8291246BCBC5C832C /* AudioToolbox.framework */; settings = {ATTRIBUTES = (Weak, ); }; };
		6A3EF96424D8498A9E00678C /* CDVFileTransfer.m in Sources */ = {isa = PBXBuildFile; fileRef = D03DA4BA25AA43689F2F15E8 /* CDVFileTransfer.m */; };
		9DE0401211314E619413B56F /* CDVLocation.m in Sources */ = {isa = PBXBuildFile; fileRef = D3A35D97636348EF976E9E05 /* CDVLocation.m */; };
		41DBC6FE755245C6A79B91CE /* CDVGlobalization.m in Sources */ = {isa = PBXBuildFile; fileRef = E134A024DF2641D485E854CE /* CDVGlobalization.m */; };
		4E4B53F0AD3F41CF9CAC193A /* CDVInAppBrowser.m in Sources */ = {isa = PBXBuildFile; fileRef = 51AC1373111640218D686B19 /* CDVInAppBrowser.m */; };
		9A7CEE53500E4A64A12C21DB /* CDVSound.m in Sources */ = {isa = PBXBuildFile; fileRef = C5497804258E4EA0A2C14612 /* CDVSound.m */; };
		1E90E2923133409790CB2897 /* CDVConnection.m in Sources */ = {isa = PBXBuildFile; fileRef = B41469C0D7E34934A85D8284 /* CDVConnection.m */; };
		6ABA192639754DAEB792618B /* CDVReachability.m in Sources */ = {isa = PBXBuildFile; fileRef = E54B87295AE641A4AEB4D81A /* CDVReachability.m */; };
		DAC5F18727CC484BA96969DC /* SystemConfiguration.framework in Frameworks */ = {isa = PBXBuildFile; fileRef = B4010A09FF1246BEA1977754 /* SystemConfiguration.framework */; settings = {ATTRIBUTES = (Weak, ); }; };
		25DDC699CD97478C8458A41A /* CoreTelephony.framework in Frameworks */ = {isa = PBXBuildFile; fileRef = D5CB9C75B29148FFBE0F9FEC /* CoreTelephony.framework */; };
		75236895A69241119729CF2C /* CDVSplashScreen.m in Sources */ = {isa = PBXBuildFile; fileRef = 51F8AEDCC38F469B8926BA2D /* CDVSplashScreen.m */; };
		174EDE47B5CC41FA83386757 /* CDVViewController+SplashScreen.m in Sources */ = {isa = PBXBuildFile; fileRef = 2564C2CCC0044CA68A78B425 /* CDVViewController+SplashScreen.m */; };
		D6CADABB82CC4EEF91473429 /* CDVStatusBar.m in Sources */ = {isa = PBXBuildFile; fileRef = 639AED53D6F44A44A1B31381 /* CDVStatusBar.m */; };
		FE8F3CF9DAA241E9A6DDE327 /* CDVVibration.m in Sources */ = {isa = PBXBuildFile; fileRef = 8637734BF3654C4990E88165 /* CDVVibration.m */; };
		3EAA40DDE27445799E3C9F2F /* EVOBLE.m in Sources */ = {isa = PBXBuildFile; fileRef = B3CF1996D0784CEA97933115 /* EVOBLE.m */; };
		ED8D978F3DE7432F82AF42C1 /* CoreBluetooth.framework in Frameworks */ = {isa = PBXBuildFile; fileRef = 8C983656378946428B10B70C /* CoreBluetooth.framework */; };
/* End PBXBuildFile section */

/* Begin PBXContainerItemProxy section */
		301BF534109A57CC0062928A /* PBXContainerItemProxy */ = {
			isa = PBXContainerItemProxy;
			containerPortal = 301BF52D109A57CC0062928A /* CordovaLib.xcodeproj */;
			proxyType = 2;
			remoteGlobalIDString = D2AAC07E0554694100DB518D;
			remoteInfo = CordovaLib;
		};
		301BF550109A68C00062928A /* PBXContainerItemProxy */ = {
			isa = PBXContainerItemProxy;
			containerPortal = 301BF52D109A57CC0062928A /* CordovaLib.xcodeproj */;
			proxyType = 1;
			remoteGlobalIDString = D2AAC07D0554694100DB518D;
			remoteInfo = CordovaLib;
		};
/* End PBXContainerItemProxy section */

/* Begin PBXFileReference section */
		0207DA571B56EA530066E2B4 /* Images.xcassets */ = {isa = PBXFileReference; lastKnownFileType = folder.assetcatalog; name = Images.xcassets; path = "beaconTest/Images.xcassets"; sourceTree = SOURCE_ROOT; };
		1D3623240D0F684500981E51 /* AppDelegate.h */ = {isa = PBXFileReference; fileEncoding = 4; lastKnownFileType = sourcecode.c.h; path = AppDelegate.h; sourceTree = "<group>"; };
		1D3623250D0F684500981E51 /* AppDelegate.m */ = {isa = PBXFileReference; fileEncoding = 4; lastKnownFileType = sourcecode.c.objc; path = AppDelegate.m; sourceTree = "<group>"; };
		1D6058910D05DD3D006BFB54 /* beaconTest.app */ = {isa = PBXFileReference; explicitFileType = wrapper.application; includeInIndex = 0; path = "beaconTest.app"; sourceTree = BUILT_PRODUCTS_DIR; };
		29B97316FDCFA39411CA2CEA /* main.m */ = {isa = PBXFileReference; fileEncoding = 4; lastKnownFileType = sourcecode.c.objc; path = main.m; sourceTree = "<group>"; };
		301BF52D109A57CC0062928A /* CordovaLib.xcodeproj */ = {isa = PBXFileReference; lastKnownFileType = "wrapper.pb-project"; name = CordovaLib.xcodeproj; path = CordovaLib/CordovaLib.xcodeproj; sourceTree = "<group>"; };
		301BF56E109A69640062928A /* www */ = {isa = PBXFileReference; lastKnownFileType = folder; path = www; sourceTree = SOURCE_ROOT; };
		302D95EE14D2391D003F00A1 /* MainViewController.h */ = {isa = PBXFileReference; fileEncoding = 4; lastKnownFileType = sourcecode.c.h; path = MainViewController.h; sourceTree = "<group>"; };
		302D95EF14D2391D003F00A1 /* MainViewController.m */ = {isa = PBXFileReference; fileEncoding = 4; lastKnownFileType = sourcecode.c.objc; path = MainViewController.m; sourceTree = "<group>"; };
		302D95F014D2391D003F00A1 /* MainViewController.xib */ = {isa = PBXFileReference; fileEncoding = 4; lastKnownFileType = file.xib; path = MainViewController.xib; sourceTree = "<group>"; };
		3047A50F1AB8059700498E2A /* build-debug.xcconfig */ = {isa = PBXFileReference; fileEncoding = 4; lastKnownFileType = text.xcconfig; name = "build-debug.xcconfig"; path = cordova/build-debug.xcconfig; sourceTree = SOURCE_ROOT; };
		3047A5101AB8059700498E2A /* build-release.xcconfig */ = {isa = PBXFileReference; fileEncoding = 4; lastKnownFileType = text.xcconfig; name = "build-release.xcconfig"; path = cordova/build-release.xcconfig; sourceTree = SOURCE_ROOT; };
		3047A5111AB8059700498E2A /* build.xcconfig */ = {isa = PBXFileReference; fileEncoding = 4; lastKnownFileType = text.xcconfig; name = build.xcconfig; path = cordova/build.xcconfig; sourceTree = SOURCE_ROOT; };
		32CA4F630368D1EE00C91783 /* beaconTest-Prefix.pch */ = {isa = PBXFileReference; fileEncoding = 4; lastKnownFileType = sourcecode.c.h; path = "beaconTest-Prefix.pch"; sourceTree = "<group>"; };
		6AFF5BF81D6E424B00AB3073 /* CDVLaunchScreen.storyboard */ = {isa = PBXFileReference; fileEncoding = 4; lastKnownFileType = file.storyboard; name = CDVLaunchScreen.storyboard; path = "beaconTest/CDVLaunchScreen.storyboard"; sourceTree = SOURCE_ROOT; };
		8D1107310486CEB800E47090 /* beaconTest-Info.plist */ = {isa = PBXFileReference; fileEncoding = 4; lastKnownFileType = text.plist.xml; name = "beaconTest-Info.plist"; path = "beaconTest/beaconTest-Info.plist"; plistStructureDefinitionIdentifier = "com.apple.xcode.plist.structure-definition.iphone.info-plist"; sourceTree = SOURCE_ROOT; };
		EB87FDF31871DA8E0020F90C /* www */ = {isa = PBXFileReference; lastKnownFileType = folder; name = www; path = ../../www; sourceTree = "<group>"; };
		EB87FDF41871DAF40020F90C /* config.xml */ = {isa = PBXFileReference; lastKnownFileType = text.xml; name = config.xml; path = ../../config.xml; sourceTree = "<group>"; };
		F840E1F0165FE0F500CFE078 /* config.xml */ = {isa = PBXFileReference; lastKnownFileType = text.xml; name = config.xml; path = "beaconTest/config.xml"; sourceTree = "<group>"; };
		ED33DF2A687741AEAF9F8254 /* Bridging-Header.h */ = {isa = PBXFileReference; fileEncoding = 4; lastKnownFileType = sourcecode.c.h; name = "Bridging-Header.h"; path = "Bridging-Header.h"; sourceTree = "<group>"; };
		C12EBB89704442AC8941B10F /* CDVBattery.m */ = {isa = PBXFileReference; name = "CDVBattery.m"; path = "cordova-plugin-battery-status/CDVBattery.m"; sourceTree = "<group>"; fileEncoding = 4; lastKnownFileType = sourcecode.c.objc; explicitFileType = undefined; includeInIndex = 0; };
		2F074FD3ADDE4E6795E3AA90 /* CDVBattery.h */ = {isa = PBXFileReference; name = "CDVBattery.h"; path = "cordova-plugin-battery-status/CDVBattery.h"; sourceTree = "<group>"; fileEncoding = 4; lastKnownFileType = sourcecode.c.h; explicitFileType = undefined; includeInIndex = 0; };
		D8F340222606444A8EE8B4E5 /* UIImage+CropScaleOrientation.m */ = {isa = PBXFileReference; name = "UIImage+CropScaleOrientation.m"; path = "cordova-plugin-camera/UIImage+CropScaleOrientation.m"; sourceTree = "<group>"; fileEncoding = 4; lastKnownFileType = sourcecode.c.objc; explicitFileType = undefined; includeInIndex = 0; };
		DDDF462550AF44C48CCFD230 /* CDVCamera.m */ = {isa = PBXFileReference; name = "CDVCamera.m"; path = "cordova-plugin-camera/CDVCamera.m"; sourceTree = "<group>"; fileEncoding = 4; lastKnownFileType = sourcecode.c.objc; explicitFileType = undefined; includeInIndex = 0; };
		8CE1A13ADCA94A6C938F7B6E /* CDVJpegHeaderWriter.m */ = {isa = PBXFileReference; name = "CDVJpegHeaderWriter.m"; path = "cordova-plugin-camera/CDVJpegHeaderWriter.m"; sourceTree = "<group>"; fileEncoding = 4; lastKnownFileType = sourcecode.c.objc; explicitFileType = undefined; includeInIndex = 0; };
		61DD5160A09B40BC9906ABA1 /* UIImage+CropScaleOrientation.h */ = {isa = PBXFileReference; name = "UIImage+CropScaleOrientation.h"; path = "cordova-plugin-camera/UIImage+CropScaleOrientation.h"; sourceTree = "<group>"; fileEncoding = 4; lastKnownFileType = sourcecode.c.h; explicitFileType = undefined; includeInIndex = 0; };
		1A68F689CD654A3D8C10398D /* CDVCamera.h */ = {isa = PBXFileReference; name = "CDVCamera.h"; path = "cordova-plugin-camera/CDVCamera.h"; sourceTree = "<group>"; fileEncoding = 4; lastKnownFileType = sourcecode.c.h; explicitFileType = undefined; includeInIndex = 0; };
		E8E82CD9CB504F9E88B87C90 /* CDVJpegHeaderWriter.h */ = {isa = PBXFileReference; name = "CDVJpegHeaderWriter.h"; path = "cordova-plugin-camera/CDVJpegHeaderWriter.h"; sourceTree = "<group>"; fileEncoding = 4; lastKnownFileType = sourcecode.c.h; explicitFileType = undefined; includeInIndex = 0; };
		4BC99C29728E4704BF633AAC /* CDVExif.h */ = {isa = PBXFileReference; name = "CDVExif.h"; path = "cordova-plugin-camera/CDVExif.h"; sourceTree = "<group>"; fileEncoding = 4; lastKnownFileType = sourcecode.c.h; explicitFileType = undefined; includeInIndex = 0; };
		AA11C4DB63B3468D84EB21C6 /* ImageIO.framework */ = {isa = PBXFileReference; name = "ImageIO.framework"; path = "System/Library/Frameworks/ImageIO.framework"; sourceTree = SDKROOT; fileEncoding = undefined; lastKnownFileType = wrapper.framework; explicitFileType = undefined; includeInIndex = 0; };
		6192638A43BE417C9D2ED68C /* CoreLocation.framework */ = {isa = PBXFileReference; name = "CoreLocation.framework"; path = "System/Library/Frameworks/CoreLocation.framework"; sourceTree = SDKROOT; fileEncoding = undefined; lastKnownFileType = wrapper.framework; explicitFileType = undefined; includeInIndex = 0; };
		3E6835FA25184C3FA5537345 /* AVFoundation.framework */ = {isa = PBXFileReference; name = "AVFoundation.framework"; path = "System/Library/Frameworks/AVFoundation.framework"; sourceTree = SDKROOT; fileEncoding = undefined; lastKnownFileType = wrapper.framework; explicitFileType = undefined; includeInIndex = 0; };
		D4835460629D40AE99D107AA /* CDVFile.m */ = {isa = PBXFileReference; name = "CDVFile.m"; path = "cordova-plugin-file/CDVFile.m"; sourceTree = "<group>"; fileEncoding = 4; lastKnownFileType = sourcecode.c.objc; explicitFileType = undefined; includeInIndex = 0; };
		784592BDD8604319B3F7231C /* CDVLocalFilesystem.m */ = {isa = PBXFileReference; name = "CDVLocalFilesystem.m"; path = "cordova-plugin-file/CDVLocalFilesystem.m"; sourceTree = "<group>"; fileEncoding = 4; lastKnownFileType = sourcecode.c.objc; explicitFileType = undefined; includeInIndex = 0; };
		E9BA5A5329BC4C498B504C2D /* CDVAssetLibraryFilesystem.m */ = {isa = PBXFileReference; name = "CDVAssetLibraryFilesystem.m"; path = "cordova-plugin-file/CDVAssetLibraryFilesystem.m"; sourceTree = "<group>"; fileEncoding = 4; lastKnownFileType = sourcecode.c.objc; explicitFileType = undefined; includeInIndex = 0; };
		8AA75906B83C4021882A29F5 /* CDVFile.h */ = {isa = PBXFileReference; name = "CDVFile.h"; path = "cordova-plugin-file/CDVFile.h"; sourceTree = "<group>"; fileEncoding = 4; lastKnownFileType = sourcecode.c.h; explicitFileType = undefined; includeInIndex = 0; };
		280C42AE9B964567BC4B17CA /* CDVLocalFilesystem.h */ = {isa = PBXFileReference; name = "CDVLocalFilesystem.h"; path = "cordova-plugin-file/CDVLocalFilesystem.h"; sourceTree = "<group>"; fileEncoding = 4; lastKnownFileType = sourcecode.c.h; explicitFileType = undefined; includeInIndex = 0; };
		7661683F09464344960FC8AB /* CDVAssetLibraryFilesystem.h */ = {isa = PBXFileReference; name = "CDVAssetLibraryFilesystem.h"; path = "cordova-plugin-file/CDVAssetLibraryFilesystem.h"; sourceTree = "<group>"; fileEncoding = 4; lastKnownFileType = sourcecode.c.h; explicitFileType = undefined; includeInIndex = 0; };
		8F66A24E30C7404EB403C46E /* CDVCapture.m */ = {isa = PBXFileReference; name = "CDVCapture.m"; path = "cordova-plugin-media-capture/CDVCapture.m"; sourceTree = "<group>"; fileEncoding = 4; lastKnownFileType = sourcecode.c.objc; explicitFileType = undefined; includeInIndex = 0; };
		49E23BD979474E2E9D0E5B62 /* CDVCapture.h */ = {isa = PBXFileReference; name = "CDVCapture.h"; path = "cordova-plugin-media-capture/CDVCapture.h"; sourceTree = "<group>"; fileEncoding = 4; lastKnownFileType = sourcecode.c.h; explicitFileType = undefined; includeInIndex = 0; };
		6821C049A2294FEE948A3B26 /* CDVCapture.bundle */ = {isa = PBXFileReference; name = "CDVCapture.bundle"; path = "CDVCapture.bundle"; sourceTree = "<group>"; fileEncoding = undefined; lastKnownFileType = wrapper.plug-in; explicitFileType = undefined; includeInIndex = 0; };
		1039393F551D47399A569FA0 /* CDVLogger.m */ = {isa = PBXFileReference; name = "CDVLogger.m"; path = "cordova-plugin-console/CDVLogger.m"; sourceTree = "<group>"; fileEncoding = 4; lastKnownFileType = sourcecode.c.objc; explicitFileType = undefined; includeInIndex = 0; };
		7CC5C080061E4538AD829E7A /* CDVLogger.h */ = {isa = PBXFileReference; name = "CDVLogger.h"; path = "cordova-plugin-console/CDVLogger.h"; sourceTree = "<group>"; fileEncoding = 4; lastKnownFileType = sourcecode.c.h; explicitFileType = undefined; includeInIndex = 0; };
		2C86C285B3714D52A915E638 /* CDVContacts.m */ = {isa = PBXFileReference; name = "CDVContacts.m"; path = "cordova-plugin-contacts/CDVContacts.m"; sourceTree = "<group>"; fileEncoding = 4; lastKnownFileType = sourcecode.c.objc; explicitFileType = undefined; includeInIndex = 0; };
		3CEB2BF8B7B4409D8C3C67D2 /* CDVContact.m */ = {isa = PBXFileReference; name = "CDVContact.m"; path = "cordova-plugin-contacts/CDVContact.m"; sourceTree = "<group>"; fileEncoding = 4; lastKnownFileType = sourcecode.c.objc; explicitFileType = undefined; includeInIndex = 0; };
		A289ED0C22124936BAF243B7 /* CDVContacts.h */ = {isa = PBXFileReference; name = "CDVContacts.h"; path = "cordova-plugin-contacts/CDVContacts.h"; sourceTree = "<group>"; fileEncoding = 4; lastKnownFileType = sourcecode.c.h; explicitFileType = undefined; includeInIndex = 0; };
		AD11A7FBE33B49C981814B6A /* CDVContact.h */ = {isa = PBXFileReference; name = "CDVContact.h"; path = "cordova-plugin-contacts/CDVContact.h"; sourceTree = "<group>"; fileEncoding = 4; lastKnownFileType = sourcecode.c.h; explicitFileType = undefined; includeInIndex = 0; };
		3F8109EBE7EB45749C8E7E36 /* AddressBook.framework */ = {isa = PBXFileReference; name = "AddressBook.framework"; path = "System/Library/Frameworks/AddressBook.framework"; sourceTree = SDKROOT; fileEncoding = undefined; lastKnownFileType = wrapper.framework; explicitFileType = undefined; includeInIndex = 0; };
		49FD5C9ED13347309F3A3665 /* AddressBookUI.framework */ = {isa = PBXFileReference; name = "AddressBookUI.framework"; path = "System/Library/Frameworks/AddressBookUI.framework"; sourceTree = SDKROOT; fileEncoding = undefined; lastKnownFileType = wrapper.framework; explicitFileType = undefined; includeInIndex = 0; };
		6600D4B766C1419E8547DE02 /* CDVDevice.m */ = {isa = PBXFileReference; name = "CDVDevice.m"; path = "cordova-plugin-device/CDVDevice.m"; sourceTree = "<group>"; fileEncoding = 4; lastKnownFileType = sourcecode.c.objc; explicitFileType = undefined; includeInIndex = 0; };
		6347DC42E49A4EAE8A48FA14 /* CDVDevice.h */ = {isa = PBXFileReference; name = "CDVDevice.h"; path = "cordova-plugin-device/CDVDevice.h"; sourceTree = "<group>"; fileEncoding = 4; lastKnownFileType = sourcecode.c.h; explicitFileType = undefined; includeInIndex = 0; };
		48689A82590C41239D0FF2F4 /* libz.tbd */ = {isa = PBXFileReference; name = "libz.tbd"; path = "usr/lib/libz.tbd"; sourceTree = SDKROOT; fileEncoding = undefined; lastKnownFileType = sourcecode.text-based-dylib-definition; explicitFileType = undefined; includeInIndex = 0; };
		A03F70DF9A984DE1B2BE50D7 /* CDVAccelerometer.m */ = {isa = PBXFileReference; name = "CDVAccelerometer.m"; path = "cordova-plugin-device-motion/CDVAccelerometer.m"; sourceTree = "<group>"; fileEncoding = 4; lastKnownFileType = sourcecode.c.objc; explicitFileType = undefined; includeInIndex = 0; };
		974CC4072F3A4353A8C3D018 /* CDVAccelerometer.h */ = {isa = PBXFileReference; name = "CDVAccelerometer.h"; path = "cordova-plugin-device-motion/CDVAccelerometer.h"; sourceTree = "<group>"; fileEncoding = 4; lastKnownFileType = sourcecode.c.h; explicitFileType = undefined; includeInIndex = 0; };
		23F3E5D3048B4342B8BE7324 /* CoreMotion.framework */ = {isa = PBXFileReference; name = "CoreMotion.framework"; path = "System/Library/Frameworks/CoreMotion.framework"; sourceTree = SDKROOT; fileEncoding = undefined; lastKnownFileType = wrapper.framework; explicitFileType = undefined; includeInIndex = 0; };
		7E317B0AD6BB4CFE98454A5D /* CDVCompass.m */ = {isa = PBXFileReference; name = "CDVCompass.m"; path = "cordova-plugin-device-orientation/CDVCompass.m"; sourceTree = "<group>"; fileEncoding = 4; lastKnownFileType = sourcecode.c.objc; explicitFileType = undefined; includeInIndex = 0; };
		CB98479C3DE141A1AF16E46F /* CDVCompass.h */ = {isa = PBXFileReference; name = "CDVCompass.h"; path = "cordova-plugin-device-orientation/CDVCompass.h"; sourceTree = "<group>"; fileEncoding = 4; lastKnownFileType = sourcecode.c.h; explicitFileType = undefined; includeInIndex = 0; };
		3D54B8415CE1419E8FD04895 /* CDVNotification.m */ = {isa = PBXFileReference; name = "CDVNotification.m"; path = "cordova-plugin-dialogs/CDVNotification.m"; sourceTree = "<group>"; fileEncoding = 4; lastKnownFileType = sourcecode.c.objc; explicitFileType = undefined; includeInIndex = 0; };
		6F36E830F3AE4D7EA5AB4A0F /* CDVNotification.h */ = {isa = PBXFileReference; name = "CDVNotification.h"; path = "cordova-plugin-dialogs/CDVNotification.h"; sourceTree = "<group>"; fileEncoding = 4; lastKnownFileType = sourcecode.c.h; explicitFileType = undefined; includeInIndex = 0; };
		ECB9E5654AE44F11B5ACAE31 /* CDVNotification.bundle */ = {isa = PBXFileReference; name = "CDVNotification.bundle"; path = "CDVNotification.bundle"; sourceTree = "<group>"; fileEncoding = undefined; lastKnownFileType = wrapper.plug-in; explicitFileType = undefined; includeInIndex = 0; };
		20642EE8291246BCBC5C832C /* AudioToolbox.framework */ = {isa = PBXFileReference; name = "AudioToolbox.framework"; path = "System/Library/Frameworks/AudioToolbox.framework"; sourceTree = SDKROOT; fileEncoding = undefined; lastKnownFileType = wrapper.framework; explicitFileType = undefined; includeInIndex = 0; };
		D03DA4BA25AA43689F2F15E8 /* CDVFileTransfer.m */ = {isa = PBXFileReference; name = "CDVFileTransfer.m"; path = "cordova-plugin-file-transfer/CDVFileTransfer.m"; sourceTree = "<group>"; fileEncoding = 4; lastKnownFileType = sourcecode.c.objc; explicitFileType = undefined; includeInIndex = 0; };
		E95CE0AEC54E44B3B0C693FB /* CDVFileTransfer.h */ = {isa = PBXFileReference; name = "CDVFileTransfer.h"; path = "cordova-plugin-file-transfer/CDVFileTransfer.h"; sourceTree = "<group>"; fileEncoding = 4; lastKnownFileType = sourcecode.c.h; explicitFileType = undefined; includeInIndex = 0; };
		D3A35D97636348EF976E9E05 /* CDVLocation.m */ = {isa = PBXFileReference; name = "CDVLocation.m"; path = "cordova-plugin-geolocation/CDVLocation.m"; sourceTree = "<group>"; fileEncoding = 4; lastKnownFileType = sourcecode.c.objc; explicitFileType = undefined; includeInIndex = 0; };
		F94E6233946B4DAB94C5C270 /* CDVLocation.h */ = {isa = PBXFileReference; name = "CDVLocation.h"; path = "cordova-plugin-geolocation/CDVLocation.h"; sourceTree = "<group>"; fileEncoding = 4; lastKnownFileType = sourcecode.c.h; explicitFileType = undefined; includeInIndex = 0; };
		E134A024DF2641D485E854CE /* CDVGlobalization.m */ = {isa = PBXFileReference; name = "CDVGlobalization.m"; path = "cordova-plugin-globalization/CDVGlobalization.m"; sourceTree = "<group>"; fileEncoding = 4; lastKnownFileType = sourcecode.c.objc; explicitFileType = undefined; includeInIndex = 0; };
		4C3C1421517344DE93088F7E /* CDVGlobalization.h */ = {isa = PBXFileReference; name = "CDVGlobalization.h"; path = "cordova-plugin-globalization/CDVGlobalization.h"; sourceTree = "<group>"; fileEncoding = 4; lastKnownFileType = sourcecode.c.h; explicitFileType = undefined; includeInIndex = 0; };
		51AC1373111640218D686B19 /* CDVInAppBrowser.m */ = {isa = PBXFileReference; name = "CDVInAppBrowser.m"; path = "cordova-plugin-inappbrowser/CDVInAppBrowser.m"; sourceTree = "<group>"; fileEncoding = 4; lastKnownFileType = sourcecode.c.objc; explicitFileType = undefined; includeInIndex = 0; };
		DD9BC75BBD304AFC86E953B6 /* CDVInAppBrowser.h */ = {isa = PBXFileReference; name = "CDVInAppBrowser.h"; path = "cordova-plugin-inappbrowser/CDVInAppBrowser.h"; sourceTree = "<group>"; fileEncoding = 4; lastKnownFileType = sourcecode.c.h; explicitFileType = undefined; includeInIndex = 0; };
		C5497804258E4EA0A2C14612 /* CDVSound.m */ = {isa = PBXFileReference; name = "CDVSound.m"; path = "cordova-plugin-media/CDVSound.m"; sourceTree = "<group>"; fileEncoding = 4; lastKnownFileType = sourcecode.c.objc; explicitFileType = undefined; includeInIndex = 0; };
		E66C4224EA9B43638D1B5A08 /* CDVSound.h */ = {isa = PBXFileReference; name = "CDVSound.h"; path = "cordova-plugin-media/CDVSound.h"; sourceTree = "<group>"; fileEncoding = 4; lastKnownFileType = sourcecode.c.h; explicitFileType = undefined; includeInIndex = 0; };
		B41469C0D7E34934A85D8284 /* CDVConnection.m */ = {isa = PBXFileReference; name = "CDVConnection.m"; path = "cordova-plugin-network-information/CDVConnection.m"; sourceTree = "<group>"; fileEncoding = 4; lastKnownFileType = sourcecode.c.objc; explicitFileType = undefined; includeInIndex = 0; };
		E54B87295AE641A4AEB4D81A /* CDVReachability.m */ = {isa = PBXFileReference; name = "CDVReachability.m"; path = "cordova-plugin-network-information/CDVReachability.m"; sourceTree = "<group>"; fileEncoding = 4; lastKnownFileType = sourcecode.c.objc; explicitFileType = undefined; includeInIndex = 0; };
		84B2DE077D53481AAD3A4558 /* CDVConnection.h */ = {isa = PBXFileReference; name = "CDVConnection.h"; path = "cordova-plugin-network-information/CDVConnection.h"; sourceTree = "<group>"; fileEncoding = 4; lastKnownFileType = sourcecode.c.h; explicitFileType = undefined; includeInIndex = 0; };
		A3563FE20605493DA4E478A1 /* CDVReachability.h */ = {isa = PBXFileReference; name = "CDVReachability.h"; path = "cordova-plugin-network-information/CDVReachability.h"; sourceTree = "<group>"; fileEncoding = 4; lastKnownFileType = sourcecode.c.h; explicitFileType = undefined; includeInIndex = 0; };
		B4010A09FF1246BEA1977754 /* SystemConfiguration.framework */ = {isa = PBXFileReference; name = "SystemConfiguration.framework"; path = "System/Library/Frameworks/SystemConfiguration.framework"; sourceTree = SDKROOT; fileEncoding = undefined; lastKnownFileType = wrapper.framework; explicitFileType = undefined; includeInIndex = 0; };
		D5CB9C75B29148FFBE0F9FEC /* CoreTelephony.framework */ = {isa = PBXFileReference; name = "CoreTelephony.framework"; path = "System/Library/Frameworks/CoreTelephony.framework"; sourceTree = SDKROOT; fileEncoding = undefined; lastKnownFileType = wrapper.framework; explicitFileType = undefined; includeInIndex = 0; };
		51F8AEDCC38F469B8926BA2D /* CDVSplashScreen.m */ = {isa = PBXFileReference; name = "CDVSplashScreen.m"; path = "cordova-plugin-splashscreen/CDVSplashScreen.m"; sourceTree = "<group>"; fileEncoding = 4; lastKnownFileType = sourcecode.c.objc; explicitFileType = undefined; includeInIndex = 0; };
		2564C2CCC0044CA68A78B425 /* CDVViewController+SplashScreen.m */ = {isa = PBXFileReference; name = "CDVViewController+SplashScreen.m"; path = "cordova-plugin-splashscreen/CDVViewController+SplashScreen.m"; sourceTree = "<group>"; fileEncoding = 4; lastKnownFileType = sourcecode.c.objc; explicitFileType = undefined; includeInIndex = 0; };
		6D5D7F1F67534823AE1D043F /* CDVSplashScreen.h */ = {isa = PBXFileReference; name = "CDVSplashScreen.h"; path = "cordova-plugin-splashscreen/CDVSplashScreen.h"; sourceTree = "<group>"; fileEncoding = 4; lastKnownFileType = sourcecode.c.h; explicitFileType = undefined; includeInIndex = 0; };
		59874AE992CB40FF84C5A16F /* CDVViewController+SplashScreen.h */ = {isa = PBXFileReference; name = "CDVViewController+SplashScreen.h"; path = "cordova-plugin-splashscreen/CDVViewController+SplashScreen.h"; sourceTree = "<group>"; fileEncoding = 4; lastKnownFileType = sourcecode.c.h; explicitFileType = undefined; includeInIndex = 0; };
		639AED53D6F44A44A1B31381 /* CDVStatusBar.m */ = {isa = PBXFileReference; name = "CDVStatusBar.m"; path = "cordova-plugin-statusbar/CDVStatusBar.m"; sourceTree = "<group>"; fileEncoding = 4; lastKnownFileType = sourcecode.c.objc; explicitFileType = undefined; includeInIndex = 0; };
		377ECEF10BB442BE8183D77B /* CDVStatusBar.h */ = {isa = PBXFileReference; name = "CDVStatusBar.h"; path = "cordova-plugin-statusbar/CDVStatusBar.h"; sourceTree = "<group>"; fileEncoding = 4; lastKnownFileType = sourcecode.c.h; explicitFileType = undefined; includeInIndex = 0; };
		8637734BF3654C4990E88165 /* CDVVibration.m */ = {isa = PBXFileReference; name = "CDVVibration.m"; path = "cordova-plugin-vibration/CDVVibration.m"; sourceTree = "<group>"; fileEncoding = 4; lastKnownFileType = sourcecode.c.objc; explicitFileType = undefined; includeInIndex = 0; };
		34DAAF14C971443BBACA7FEC /* CDVVibration.h */ = {isa = PBXFileReference; name = "CDVVibration.h"; path = "cordova-plugin-vibration/CDVVibration.h"; sourceTree = "<group>"; fileEncoding = 4; lastKnownFileType = sourcecode.c.h; explicitFileType = undefined; includeInIndex = 0; };
		B3CF1996D0784CEA97933115 /* EVOBLE.m */ = {isa = PBXFileReference; name = "EVOBLE.m"; path = "cordova-plugin-ble/EVOBLE.m"; sourceTree = "<group>"; fileEncoding = 4; lastKnownFileType = sourcecode.c.objc; explicitFileType = undefined; includeInIndex = 0; };
		09C0B43094D246A79F37AD3E /* EVOBLE.h */ = {isa = PBXFileReference; name = "EVOBLE.h"; path = "cordova-plugin-ble/EVOBLE.h"; sourceTree = "<group>"; fileEncoding = 4; lastKnownFileType = sourcecode.c.h; explicitFileType = undefined; includeInIndex = 0; };
		8C983656378946428B10B70C /* CoreBluetooth.framework */ = {isa = PBXFileReference; name = "CoreBluetooth.framework"; path = "System/Library/Frameworks/CoreBluetooth.framework"; sourceTree = SDKROOT; fileEncoding = undefined; lastKnownFileType = wrapper.framework; explicitFileType = undefined; includeInIndex = 0; };
/* End PBXFileReference section */

/* Begin PBXFrameworksBuildPhase section */
		1D60588F0D05DD3D006BFB54 /* Frameworks */ = {
			isa = PBXFrameworksBuildPhase;
			buildActionMask = 2147483647;
			files = (
				301BF552109A68D80062928A /* libCordova.a in Frameworks */,
				1F95845ED1174A7E955C4A87 /* ImageIO.framework in Frameworks */,
				7722054C5F6349E2A84ABD8E /* CoreLocation.framework in Frameworks */,
				F7F658ADDE8F44359EF57F94 /* AVFoundation.framework in Frameworks */,
				ACE78C42D8F94588B0BA474A /* AddressBook.framework in Frameworks */,
				886849C9E51D4D6E98F3A119 /* AddressBookUI.framework in Frameworks */,
				F37BCF6EA1C94C598652F04F /* libz.tbd in Frameworks */,
				C1015634454140BF86C7ADE5 /* CoreMotion.framework in Frameworks */,
				B68E3E6871F24F0DBAC17BCC /* AudioToolbox.framework in Frameworks */,
				DAC5F18727CC484BA96969DC /* SystemConfiguration.framework in Frameworks */,
				25DDC699CD97478C8458A41A /* CoreTelephony.framework in Frameworks */,
				ED8D978F3DE7432F82AF42C1 /* CoreBluetooth.framework in Frameworks */,
			);
			runOnlyForDeploymentPostprocessing = 0;
		};
/* End PBXFrameworksBuildPhase section */

/* Begin PBXGroup section */
		080E96DDFE201D6D7F000001 /* Classes */ = {
			isa = PBXGroup;
			children = (
				302D95EE14D2391D003F00A1 /* MainViewController.h */,
				302D95EF14D2391D003F00A1 /* MainViewController.m */,
				302D95F014D2391D003F00A1 /* MainViewController.xib */,
				1D3623240D0F684500981E51 /* AppDelegate.h */,
				1D3623250D0F684500981E51 /* AppDelegate.m */,
			);
			name = Classes;
			path = "beaconTest/Classes";
			sourceTree = SOURCE_ROOT;
		};
		19C28FACFE9D520D11CA2CBB /* Products */ = {
			isa = PBXGroup;
			children = (
				1D6058910D05DD3D006BFB54 /* beaconTest.app */,
			);
			name = Products;
			sourceTree = "<group>";
		};
		29B97314FDCFA39411CA2CEA /* CustomTemplate */ = {
			isa = PBXGroup;
			children = (
				EB87FDF41871DAF40020F90C /* config.xml */,
				EB87FDF31871DA8E0020F90C /* www */,
				EB87FDF11871DA420020F90C /* Staging */,
				301BF52D109A57CC0062928A /* CordovaLib.xcodeproj */,
				080E96DDFE201D6D7F000001 /* Classes */,
				307C750510C5A3420062BCA9 /* Plugins */,
				29B97315FDCFA39411CA2CEA /* Other Sources */,
				29B97317FDCFA39411CA2CEA /* Resources */,
				29B97323FDCFA39411CA2CEA /* Frameworks */,
				19C28FACFE9D520D11CA2CBB /* Products */,
			);
			name = CustomTemplate;
			sourceTree = "<group>";
		};
		29B97315FDCFA39411CA2CEA /* Other Sources */ = {
			isa = PBXGroup;
			children = (
				32CA4F630368D1EE00C91783 /* beaconTest-Prefix.pch */,
				29B97316FDCFA39411CA2CEA /* main.m */,
				ED33DF2A687741AEAF9F8254 /* Bridging-Header.h */,
			);
			name = "Other Sources";
			path = "beaconTest";
			sourceTree = "<group>";
		};
		29B97317FDCFA39411CA2CEA /* Resources */ = {
			isa = PBXGroup;
			children = (
				0207DA571B56EA530066E2B4 /* Images.xcassets */,
				3047A50E1AB8057F00498E2A /* config */,
				8D1107310486CEB800E47090 /* beaconTest-Info.plist */,
				6AFF5BF81D6E424B00AB3073 /* CDVLaunchScreen.storyboard */,
				6821C049A2294FEE948A3B26 /* CDVCapture.bundle */,
				ECB9E5654AE44F11B5ACAE31 /* CDVNotification.bundle */,
			);
			name = Resources;
			path = "beaconTest/Resources";
			sourceTree = "<group>";
		};
		29B97323FDCFA39411CA2CEA /* Frameworks */ = {
			isa = PBXGroup;
			children = (
				AA11C4DB63B3468D84EB21C6 /* ImageIO.framework */,
				6192638A43BE417C9D2ED68C /* CoreLocation.framework */,
				3E6835FA25184C3FA5537345 /* AVFoundation.framework */,
				3F8109EBE7EB45749C8E7E36 /* AddressBook.framework */,
				49FD5C9ED13347309F3A3665 /* AddressBookUI.framework */,
				48689A82590C41239D0FF2F4 /* libz.tbd */,
				23F3E5D3048B4342B8BE7324 /* CoreMotion.framework */,
				20642EE8291246BCBC5C832C /* AudioToolbox.framework */,
				B4010A09FF1246BEA1977754 /* SystemConfiguration.framework */,
				D5CB9C75B29148FFBE0F9FEC /* CoreTelephony.framework */,
				8C983656378946428B10B70C /* CoreBluetooth.framework */,
			);
			name = Frameworks;
			sourceTree = "<group>";
		};
		301BF52E109A57CC0062928A /* Products */ = {
			isa = PBXGroup;
			children = (
				301BF535109A57CC0062928A /* libCordova.a */,
			);
			name = Products;
			sourceTree = "<group>";
		};
		3047A50E1AB8057F00498E2A /* config */ = {
			isa = PBXGroup;
			children = (
				3047A50F1AB8059700498E2A /* build-debug.xcconfig */,
				3047A5101AB8059700498E2A /* build-release.xcconfig */,
				3047A5111AB8059700498E2A /* build.xcconfig */,
			);
			name = config;
			sourceTree = "<group>";
		};
		307C750510C5A3420062BCA9 /* Plugins */ = {
			isa = PBXGroup;
			children = (
				C12EBB89704442AC8941B10F /* CDVBattery.m */,
				2F074FD3ADDE4E6795E3AA90 /* CDVBattery.h */,
				D8F340222606444A8EE8B4E5 /* UIImage+CropScaleOrientation.m */,
				DDDF462550AF44C48CCFD230 /* CDVCamera.m */,
				8CE1A13ADCA94A6C938F7B6E /* CDVJpegHeaderWriter.m */,
				61DD5160A09B40BC9906ABA1 /* UIImage+CropScaleOrientation.h */,
				1A68F689CD654A3D8C10398D /* CDVCamera.h */,
				E8E82CD9CB504F9E88B87C90 /* CDVJpegHeaderWriter.h */,
				4BC99C29728E4704BF633AAC /* CDVExif.h */,
				D4835460629D40AE99D107AA /* CDVFile.m */,
				784592BDD8604319B3F7231C /* CDVLocalFilesystem.m */,
				E9BA5A5329BC4C498B504C2D /* CDVAssetLibraryFilesystem.m */,
				8AA75906B83C4021882A29F5 /* CDVFile.h */,
				280C42AE9B964567BC4B17CA /* CDVLocalFilesystem.h */,
				7661683F09464344960FC8AB /* CDVAssetLibraryFilesystem.h */,
				8F66A24E30C7404EB403C46E /* CDVCapture.m */,
				49E23BD979474E2E9D0E5B62 /* CDVCapture.h */,
				1039393F551D47399A569FA0 /* CDVLogger.m */,
				7CC5C080061E4538AD829E7A /* CDVLogger.h */,
				2C86C285B3714D52A915E638 /* CDVContacts.m */,
				3CEB2BF8B7B4409D8C3C67D2 /* CDVContact.m */,
				A289ED0C22124936BAF243B7 /* CDVContacts.h */,
				AD11A7FBE33B49C981814B6A /* CDVContact.h */,
				6600D4B766C1419E8547DE02 /* CDVDevice.m */,
				6347DC42E49A4EAE8A48FA14 /* CDVDevice.h */,
				A03F70DF9A984DE1B2BE50D7 /* CDVAccelerometer.m */,
				974CC4072F3A4353A8C3D018 /* CDVAccelerometer.h */,
				7E317B0AD6BB4CFE98454A5D /* CDVCompass.m */,
				CB98479C3DE141A1AF16E46F /* CDVCompass.h */,
				3D54B8415CE1419E8FD04895 /* CDVNotification.m */,
				6F36E830F3AE4D7EA5AB4A0F /* CDVNotification.h */,
				D03DA4BA25AA43689F2F15E8 /* CDVFileTransfer.m */,
				E95CE0AEC54E44B3B0C693FB /* CDVFileTransfer.h */,
				D3A35D97636348EF976E9E05 /* CDVLocation.m */,
				F94E6233946B4DAB94C5C270 /* CDVLocation.h */,
				E134A024DF2641D485E854CE /* CDVGlobalization.m */,
				4C3C1421517344DE93088F7E /* CDVGlobalization.h */,
				51AC1373111640218D686B19 /* CDVInAppBrowser.m */,
				DD9BC75BBD304AFC86E953B6 /* CDVInAppBrowser.h */,
				C5497804258E4EA0A2C14612 /* CDVSound.m */,
				E66C4224EA9B43638D1B5A08 /* CDVSound.h */,
				B41469C0D7E34934A85D8284 /* CDVConnection.m */,
				E54B87295AE641A4AEB4D81A /* CDVReachability.m */,
				84B2DE077D53481AAD3A4558 /* CDVConnection.h */,
				A3563FE20605493DA4E478A1 /* CDVReachability.h */,
				51F8AEDCC38F469B8926BA2D /* CDVSplashScreen.m */,
				2564C2CCC0044CA68A78B425 /* CDVViewController+SplashScreen.m */,
				6D5D7F1F67534823AE1D043F /* CDVSplashScreen.h */,
				59874AE992CB40FF84C5A16F /* CDVViewController+SplashScreen.h */,
				639AED53D6F44A44A1B31381 /* CDVStatusBar.m */,
				377ECEF10BB442BE8183D77B /* CDVStatusBar.h */,
				8637734BF3654C4990E88165 /* CDVVibration.m */,
				34DAAF14C971443BBACA7FEC /* CDVVibration.h */,
				B3CF1996D0784CEA97933115 /* EVOBLE.m */,
				09C0B43094D246A79F37AD3E /* EVOBLE.h */,
			);
			name = Plugins;
			path = "beaconTest/Plugins";
			sourceTree = SOURCE_ROOT;
		};
		EB87FDF11871DA420020F90C /* Staging */ = {
			isa = PBXGroup;
			children = (
				F840E1F0165FE0F500CFE078 /* config.xml */,
				301BF56E109A69640062928A /* www */,
			);
			name = Staging;
			sourceTree = "<group>";
		};
/* End PBXGroup section */

/* Begin PBXNativeTarget section */
		1D6058900D05DD3D006BFB54 /* beaconTest */ = {
			isa = PBXNativeTarget;
			buildConfigurationList = 1D6058960D05DD3E006BFB54 /* Build configuration list for PBXNativeTarget "beaconTest" */;
			buildPhases = (
				304B58A110DAC018002A0835 /* Copy www directory */,
				1D60588D0D05DD3D006BFB54 /* Resources */,
				1D60588E0D05DD3D006BFB54 /* Sources */,
				1D60588F0D05DD3D006BFB54 /* Frameworks */,
			);
			buildRules = (
			);
			dependencies = (
				301BF551109A68C00062928A /* PBXTargetDependency */,
			);
			name = "beaconTest";
			productName = "beaconTest";
			productReference = 1D6058910D05DD3D006BFB54 /* beaconTest.app */;
			productType = "com.apple.product-type.application";
		};
/* End PBXNativeTarget section */

/* Begin PBXProject section */
		29B97313FDCFA39411CA2CEA /* Project object */ = {
			isa = PBXProject;
			attributes = {
				LastUpgradeCheck = 510;
			};
			buildConfigurationList = C01FCF4E08A954540054247B /* Build configuration list for PBXProject "__NON-CLI__" */;
			compatibilityVersion = "Xcode 3.2";
			developmentRegion = English;
			hasScannedForEncodings = 1;
			mainGroup = 29B97314FDCFA39411CA2CEA /* CustomTemplate */;
			projectDirPath = "";
			projectReferences = (
				{
					ProductGroup = 301BF52E109A57CC0062928A /* Products */;
					ProjectRef = 301BF52D109A57CC0062928A /* CordovaLib.xcodeproj */;
				},
			);
			projectRoot = "";
			targets = (
				1D6058900D05DD3D006BFB54 /* beaconTest */,
			);
		};
/* End PBXProject section */

/* Begin PBXReferenceProxy section */
		301BF535109A57CC0062928A /* libCordova.a */ = {
			isa = PBXReferenceProxy;
			fileType = archive.ar;
			path = libCordova.a;
			remoteRef = 301BF534109A57CC0062928A /* PBXContainerItemProxy */;
			sourceTree = BUILT_PRODUCTS_DIR;
		};
/* End PBXReferenceProxy section */

/* Begin PBXResourcesBuildPhase section */
		1D60588D0D05DD3D006BFB54 /* Resources */ = {
			isa = PBXResourcesBuildPhase;
			buildActionMask = 2147483647;
			files = (
				302D95F214D2391D003F00A1 /* MainViewController.xib in Resources */,
				0207DA581B56EA530066E2B4 /* Images.xcassets in Resources */,
				6AFF5BF91D6E424B00AB3073 /* CDVLaunchScreen.storyboard in Resources */,
				A7B5EA4B3F51431E962CD95C /* CDVCapture.bundle in Resources */,
				B8F017E3B5B14299AB8F7AB3 /* CDVNotification.bundle in Resources */,
			);
			runOnlyForDeploymentPostprocessing = 0;
		};
/* End PBXResourcesBuildPhase section */

/* Begin PBXShellScriptBuildPhase section */
		304B58A110DAC018002A0835 /* Copy www directory */ = {
			isa = PBXShellScriptBuildPhase;
			buildActionMask = 2147483647;
			files = (
			);
			inputPaths = (
			);
			name = "Copy www directory";
			outputPaths = (
			);
			runOnlyForDeploymentPostprocessing = 0;
			shellPath = /bin/sh;
			shellScript = "NODEJS_PATH=/usr/local/bin; NVM_NODE_PATH=~/.nvm/versions/node/`nvm version 2>/dev/null`/bin; N_NODE_PATH=`find /usr/local/n/versions/node/* -maxdepth 0 -type d 2>/dev/null | tail -1`/bin; XCODE_NODE_PATH=`xcode-select --print-path`/usr/share/xcs/Node/bin; PATH=$NODEJS_PATH:$NVM_NODE_PATH:$N_NODE_PATH:$XCODE_NODE_PATH:$PATH && node cordova/lib/copy-www-build-step.js";
			showEnvVarsInLog = 0;
		};
/* End PBXShellScriptBuildPhase section */

/* Begin PBXSourcesBuildPhase section */
		1D60588E0D05DD3D006BFB54 /* Sources */ = {
			isa = PBXSourcesBuildPhase;
			buildActionMask = 2147483647;
			files = (
				1D60589B0D05DD56006BFB54 /* main.m in Sources */,
				1D3623260D0F684500981E51 /* AppDelegate.m in Sources */,
				302D95F114D2391D003F00A1 /* MainViewController.m in Sources */,
				3E8393C011CE438DB5BACA75 /* CDVBattery.m in Sources */,
				77A23B6C4856404AB4E0615A /* UIImage+CropScaleOrientation.m in Sources */,
				C199784E39C447CEA0370F26 /* CDVCamera.m in Sources */,
				8DB03B15ADD14DBBAA8CC27E /* CDVJpegHeaderWriter.m in Sources */,
				8F437895AFDC4FB494745D35 /* CDVFile.m in Sources */,
				C9B559789CCD4D7982815943 /* CDVLocalFilesystem.m in Sources */,
				7D48C651D26243BE82D6CFA5 /* CDVAssetLibraryFilesystem.m in Sources */,
				910C2C3F6F6E4083A5FCA5F5 /* CDVCapture.m in Sources */,
				780328203F0F445E9B39AFAD /* CDVLogger.m in Sources */,
				BF14ED1285E5466C847A6CC2 /* CDVContacts.m in Sources */,
				637F4AB27D1846E6A620D3A0 /* CDVContact.m in Sources */,
				DD01F2237963413C95575DA3 /* CDVDevice.m in Sources */,
				97ADADA683CF4710A9BA63F8 /* CDVAccelerometer.m in Sources */,
				15CA8E20DC3344349975E599 /* CDVCompass.m in Sources */,
				53AD0E106DB04160B993E55F /* CDVNotification.m in Sources */,
				6A3EF96424D8498A9E00678C /* CDVFileTransfer.m in Sources */,
				9DE0401211314E619413B56F /* CDVLocation.m in Sources */,
				41DBC6FE755245C6A79B91CE /* CDVGlobalization.m in Sources */,
				4E4B53F0AD3F41CF9CAC193A /* CDVInAppBrowser.m in Sources */,
				9A7CEE53500E4A64A12C21DB /* CDVSound.m in Sources */,
				1E90E2923133409790CB2897 /* CDVConnection.m in Sources */,
				6ABA192639754DAEB792618B /* CDVReachability.m in Sources */,
				75236895A69241119729CF2C /* CDVSplashScreen.m in Sources */,
				174EDE47B5CC41FA83386757 /* CDVViewController+SplashScreen.m in Sources */,
				D6CADABB82CC4EEF91473429 /* CDVStatusBar.m in Sources */,
				FE8F3CF9DAA241E9A6DDE327 /* CDVVibration.m in Sources */,
				3EAA40DDE27445799E3C9F2F /* EVOBLE.m in Sources */,
			);
			runOnlyForDeploymentPostprocessing = 0;
		};
/* End PBXSourcesBuildPhase section */

/* Begin PBXTargetDependency section */
		301BF551109A68C00062928A /* PBXTargetDependency */ = {
			isa = PBXTargetDependency;
			name = CordovaLib;
			targetProxy = 301BF550109A68C00062928A /* PBXContainerItemProxy */;
		};
/* End PBXTargetDependency section */

/* Begin XCBuildConfiguration section */
		1D6058940D05DD3E006BFB54 /* Debug */ = {
			isa = XCBuildConfiguration;
			baseConfigurationReference = 3047A50F1AB8059700498E2A /* build-debug.xcconfig */;
			buildSettings = {
				ALWAYS_SEARCH_USER_PATHS = NO;
				ASSETCATALOG_COMPILER_APPICON_NAME = AppIcon;
				ASSETCATALOG_COMPILER_LAUNCHIMAGE_NAME = LaunchImage;
				CLANG_ENABLE_MODULES = YES;
				CLANG_ENABLE_OBJC_ARC = YES;
				COPY_PHASE_STRIP = NO;
				GCC_DYNAMIC_NO_PIC = NO;
				GCC_OPTIMIZATION_LEVEL = 0;
				GCC_PRECOMPILE_PREFIX_HEADER = YES;
				GCC_PREFIX_HEADER = "beaconTest/beaconTest-Prefix.pch";
				GCC_THUMB_SUPPORT = NO;
				GCC_VERSION = "";
				INFOPLIST_FILE = "beaconTest/beaconTest-Info.plist";
				IPHONEOS_DEPLOYMENT_TARGET = 8.0;
				LD_RUNPATH_SEARCH_PATHS = "@executable_path/Frameworks";
				TARGETED_DEVICE_FAMILY = "1,2";
				PRODUCT_NAME = "beaconTest";
			};
			name = Debug;
		};
		1D6058950D05DD3E006BFB54 /* Release */ = {
			isa = XCBuildConfiguration;
			baseConfigurationReference = 3047A5101AB8059700498E2A /* build-release.xcconfig */;
			buildSettings = {
				ALWAYS_SEARCH_USER_PATHS = NO;
				ASSETCATALOG_COMPILER_APPICON_NAME = AppIcon;
				ASSETCATALOG_COMPILER_LAUNCHIMAGE_NAME = LaunchImage;
				CLANG_ENABLE_MODULES = YES;
				CLANG_ENABLE_OBJC_ARC = YES;
				COPY_PHASE_STRIP = YES;
				GCC_PRECOMPILE_PREFIX_HEADER = YES;
				GCC_PREFIX_HEADER = "beaconTest/beaconTest-Prefix.pch";
				GCC_THUMB_SUPPORT = NO;
				GCC_VERSION = "";
				INFOPLIST_FILE = "beaconTest/beaconTest-Info.plist";
				IPHONEOS_DEPLOYMENT_TARGET = 8.0;
				LD_RUNPATH_SEARCH_PATHS = "@executable_path/Frameworks";
				TARGETED_DEVICE_FAMILY = "1,2";
				PRODUCT_NAME = "beaconTest";
			};
			name = Release;
		};
		C01FCF4F08A954540054247B /* Debug */ = {
			isa = XCBuildConfiguration;
			baseConfigurationReference = 3047A5111AB8059700498E2A /* build.xcconfig */;
			buildSettings = {
				CLANG_ENABLE_MODULES = YES;
				CLANG_ENABLE_OBJC_ARC = YES;
				CLANG_WARN_BOOL_CONVERSION = YES;
				CLANG_WARN_CONSTANT_CONVERSION = YES;
				CLANG_WARN_EMPTY_BODY = YES;
				CLANG_WARN_ENUM_CONVERSION = YES;
				CLANG_WARN_INT_CONVERSION = YES;
				CLANG_WARN__DUPLICATE_METHOD_MATCH = YES;
				GCC_C_LANGUAGE_STANDARD = c99;
				GCC_THUMB_SUPPORT = NO;
				GCC_VERSION = "";
				GCC_WARN_ABOUT_RETURN_TYPE = YES;
				GCC_WARN_UNDECLARED_SELECTOR = YES;
				GCC_WARN_UNINITIALIZED_AUTOS = YES;
				GCC_WARN_UNUSED_FUNCTION = YES;
				GCC_WARN_UNUSED_VARIABLE = YES;
				ONLY_ACTIVE_ARCH = YES;
				SDKROOT = iphoneos;
				SKIP_INSTALL = NO;
				ASSETCATALOG_COMPILER_LAUNCHIMAGE_NAME = LaunchImage;
			};
			name = Debug;
		};
		C01FCF5008A954540054247B /* Release */ = {
			isa = XCBuildConfiguration;
			baseConfigurationReference = 3047A5111AB8059700498E2A /* build.xcconfig */;
			buildSettings = {
				CLANG_ENABLE_MODULES = YES;
				CLANG_ENABLE_OBJC_ARC = YES;
				CLANG_WARN_BOOL_CONVERSION = YES;
				CLANG_WARN_CONSTANT_CONVERSION = YES;
				CLANG_WARN_EMPTY_BODY = YES;
				CLANG_WARN_ENUM_CONVERSION = YES;
				CLANG_WARN_INT_CONVERSION = YES;
				CLANG_WARN__DUPLICATE_METHOD_MATCH = YES;
				GCC_C_LANGUAGE_STANDARD = c99;
				GCC_THUMB_SUPPORT = NO;
				GCC_VERSION = "";
				GCC_WARN_ABOUT_RETURN_TYPE = YES;
				GCC_WARN_UNDECLARED_SELECTOR = YES;
				GCC_WARN_UNINITIALIZED_AUTOS = YES;
				GCC_WARN_UNUSED_FUNCTION = YES;
				GCC_WARN_UNUSED_VARIABLE = YES;
				SDKROOT = iphoneos;
				SKIP_INSTALL = NO;
				ASSETCATALOG_COMPILER_LAUNCHIMAGE_NAME = LaunchImage;
			};
			name = Release;
		};
/* End XCBuildConfiguration section */

/* Begin XCConfigurationList section */
		1D6058960D05DD3E006BFB54 /* Build configuration list for PBXNativeTarget "beaconTest" */ = {
			isa = XCConfigurationList;
			buildConfigurations = (
				1D6058940D05DD3E006BFB54 /* Debug */,
				1D6058950D05DD3E006BFB54 /* Release */,
			);
			defaultConfigurationIsVisible = 0;
			defaultConfigurationName = Release;
		};
		C01FCF4E08A954540054247B /* Build configuration list for PBXProject "__NON-CLI__" */ = {
			isa = XCConfigurationList;
			buildConfigurations = (
				C01FCF4F08A954540054247B /* Debug */,
				C01FCF5008A954540054247B /* Release */,
			);
			defaultConfigurationIsVisible = 0;
			defaultConfigurationName = Release;
		};
/* End XCConfigurationList section */
	};
	rootObject = 29B97313FDCFA39411CA2CEA /* Project object */;
}
